
Microsoft Visual Studio Solution File, Format Version 12.00
# Visual Studio Version 17
VisualStudioVersion = 17.4.33205.214
MinimumVisualStudioVersion = 10.0.40219.1
Project("{FAE04EC0-301F-11D3-BF4B-00C04F79EFBC}") = "ASPCoreFirstApp", "ASPCoreFirstApp\ASPCoreFirstApp.csproj", "{68878542-D42B-4746-8B98-950F5EB41845}"
EndProject
Global
	GlobalSection(SolutionConfigurationPlatforms) = preSolution
		Debug|Any CPU = Debug|Any CPU
		Release|Any CPU = Release|Any CPU
	EndGlobalSection
	GlobalSection(ProjectConfigurationPlatforms) = postSolution
		{68878542-D42B-4746-8B98-950F5EB41845}.Debug|Any CPU.ActiveCfg = Debug|Any CPU
		{68878542-D42B-4746-8B98-950F5EB41845}.Debug|Any CPU.Build.0 = Debug|Any CPU
		{68878542-D42B-4746-8B98-950F5EB41845}.Release|Any CPU.ActiveCfg = Release|Any CPU
		{68878542-D42B-4746-8B98-950F5EB41845}.Release|Any CPU.Build.0 = Release|Any CPU
	EndGlobalSection
	GlobalSection(SolutionProperties) = preSolution
		HideSolutionNode = FALSE
	EndGlobalSection
	GlobalSection(ExtensibilityGlobals) = postSolution
		SolutionGuid = {DCA6AF8A-EDF7-460E-A4FD-008423ECB37A}
	EndGlobalSection
EndGlobal
