
Microsoft Visual Studio Solution File, Format Version 12.00
# Visual Studio Version 17
VisualStudioVersion = 17.4.33205.214
MinimumVisualStudioVersion = 10.0.40219.1
Project("{FAE04EC0-301F-11D3-BF4B-00C04F79EFBC}") = "DatabaseSQLMusicApp", "DatabaseSQLMusicApp\DatabaseSQLMusicApp.csproj", "{9F22E0D0-139B-4DD6-BDE4-6DE2151F0198}"
EndProject
Global
	GlobalSection(SolutionConfigurationPlatforms) = preSolution
		Debug|Any CPU = Debug|Any CPU
		Release|Any CPU = Release|Any CPU
	EndGlobalSection
	GlobalSection(ProjectConfigurationPlatforms) = postSolution
		{9F22E0D0-139B-4DD6-BDE4-6DE2151F0198}.Debug|Any CPU.ActiveCfg = Debug|Any CPU
		{9F22E0D0-139B-4DD6-BDE4-6DE2151F0198}.Debug|Any CPU.Build.0 = Debug|Any CPU
		{9F22E0D0-139B-4DD6-BDE4-6DE2151F0198}.Release|Any CPU.ActiveCfg = Release|Any CPU
		{9F22E0D0-139B-4DD6-BDE4-6DE2151F0198}.Release|Any CPU.Build.0 = Release|Any CPU
	EndGlobalSection
	GlobalSection(SolutionProperties) = preSolution
		HideSolutionNode = FALSE
	EndGlobalSection
	GlobalSection(ExtensibilityGlobals) = postSolution
		SolutionGuid = {89EAF468-4F99-4C89-80B4-AC4C83BCCBDE}
	EndGlobalSection
EndGlobal
