
Microsoft Visual Studio Solution File, Format Version 12.00
# Visual Studio Version 17
VisualStudioVersion = 17.4.33205.214
MinimumVisualStudioVersion = 10.0.40219.1
Project("{FAE04EC0-301F-11D3-BF4B-00C04F79EFBC}") = "MilestoneGUI", "MilestoneGUI\MilestoneGUI.csproj", "{604AE687-58C4-4891-948E-3C6032AAD0BB}"
EndProject
Global
	GlobalSection(SolutionConfigurationPlatforms) = preSolution
		Debug|Any CPU = Debug|Any CPU
		Release|Any CPU = Release|Any CPU
	EndGlobalSection
	GlobalSection(ProjectConfigurationPlatforms) = postSolution
		{604AE687-58C4-4891-948E-3C6032AAD0BB}.Debug|Any CPU.ActiveCfg = Debug|Any CPU
		{604AE687-58C4-4891-948E-3C6032AAD0BB}.Debug|Any CPU.Build.0 = Debug|Any CPU
		{604AE687-58C4-4891-948E-3C6032AAD0BB}.Release|Any CPU.ActiveCfg = Release|Any CPU
		{604AE687-58C4-4891-948E-3C6032AAD0BB}.Release|Any CPU.Build.0 = Release|Any CPU
	EndGlobalSection
	GlobalSection(SolutionProperties) = preSolution
		HideSolutionNode = FALSE
	EndGlobalSection
	GlobalSection(ExtensibilityGlobals) = postSolution
		SolutionGuid = {8E113BD2-2D2E-4FC5-BCD7-828992312463}
	EndGlobalSection
EndGlobal
