
Microsoft Visual Studio Solution File, Format Version 12.00
# Visual Studio Version 17
VisualStudioVersion = 17.4.33205.214
MinimumVisualStudioVersion = 10.0.40219.1
Project("{FAE04EC0-301F-11D3-BF4B-00C04F79EFBC}") = "ConsoleApp1", "ConsoleApp1\ConsoleApp1.csproj", "{EDF803DB-2F45-4B5F-8DAF-342FD26D321E}"
EndProject
Global
	GlobalSection(SolutionConfigurationPlatforms) = preSolution
		Debug|Any CPU = Debug|Any CPU
		Release|Any CPU = Release|Any CPU
	EndGlobalSection
	GlobalSection(ProjectConfigurationPlatforms) = postSolution
		{EDF803DB-2F45-4B5F-8DAF-342FD26D321E}.Debug|Any CPU.ActiveCfg = Debug|Any CPU
		{EDF803DB-2F45-4B5F-8DAF-342FD26D321E}.Debug|Any CPU.Build.0 = Debug|Any CPU
		{EDF803DB-2F45-4B5F-8DAF-342FD26D321E}.Release|Any CPU.ActiveCfg = Release|Any CPU
		{EDF803DB-2F45-4B5F-8DAF-342FD26D321E}.Release|Any CPU.Build.0 = Release|Any CPU
	EndGlobalSection
	GlobalSection(SolutionProperties) = preSolution
		HideSolutionNode = FALSE
	EndGlobalSection
	GlobalSection(ExtensibilityGlobals) = postSolution
		SolutionGuid = {1DEB088F-19FC-420A-A380-DEA7E48CE8C7}
	EndGlobalSection
EndGlobal
