
Microsoft Visual Studio Solution File, Format Version 12.00
# Visual Studio Version 17
VisualStudioVersion = 17.4.33205.214
MinimumVisualStudioVersion = 10.0.40219.1
Project("{FAE04EC0-301F-11D3-BF4B-00C04F79EFBC}") = "TextFileDataAccessDemo", "TextFileDataAccessDemo\TextFileDataAccessDemo.csproj", "{D8412A84-2186-4111-AC3F-BB7E6F9AB5C1}"
EndProject
Global
	GlobalSection(SolutionConfigurationPlatforms) = preSolution
		Debug|Any CPU = Debug|Any CPU
		Release|Any CPU = Release|Any CPU
	EndGlobalSection
	GlobalSection(ProjectConfigurationPlatforms) = postSolution
		{D8412A84-2186-4111-AC3F-BB7E6F9AB5C1}.Debug|Any CPU.ActiveCfg = Debug|Any CPU
		{D8412A84-2186-4111-AC3F-BB7E6F9AB5C1}.Debug|Any CPU.Build.0 = Debug|Any CPU
		{D8412A84-2186-4111-AC3F-BB7E6F9AB5C1}.Release|Any CPU.ActiveCfg = Release|Any CPU
		{D8412A84-2186-4111-AC3F-BB7E6F9AB5C1}.Release|Any CPU.Build.0 = Release|Any CPU
	EndGlobalSection
	GlobalSection(SolutionProperties) = preSolution
		HideSolutionNode = FALSE
	EndGlobalSection
	GlobalSection(ExtensibilityGlobals) = postSolution
		SolutionGuid = {02BD4178-12C3-4956-83E5-CE434C55A491}
	EndGlobalSection
EndGlobal
