
Microsoft Visual Studio Solution File, Format Version 12.00
# Visual Studio Version 17
VisualStudioVersion = 17.4.33205.214
MinimumVisualStudioVersion = 10.0.40219.1
Project("{FAE04EC0-301F-11D3-BF4B-00C04F79EFBC}") = "StopWatch", "StopWatch\StopWatch.csproj", "{5F175CB8-540E-48A1-BF7A-BD6F861CC366}"
EndProject
Global
	GlobalSection(SolutionConfigurationPlatforms) = preSolution
		Debug|Any CPU = Debug|Any CPU
		Release|Any CPU = Release|Any CPU
	EndGlobalSection
	GlobalSection(ProjectConfigurationPlatforms) = postSolution
		{5F175CB8-540E-48A1-BF7A-BD6F861CC366}.Debug|Any CPU.ActiveCfg = Debug|Any CPU
		{5F175CB8-540E-48A1-BF7A-BD6F861CC366}.Debug|Any CPU.Build.0 = Debug|Any CPU
		{5F175CB8-540E-48A1-BF7A-BD6F861CC366}.Release|Any CPU.ActiveCfg = Release|Any CPU
		{5F175CB8-540E-48A1-BF7A-BD6F861CC366}.Release|Any CPU.Build.0 = Release|Any CPU
	EndGlobalSection
	GlobalSection(SolutionProperties) = preSolution
		HideSolutionNode = FALSE
	EndGlobalSection
	GlobalSection(ExtensibilityGlobals) = postSolution
		SolutionGuid = {91D9D71B-F901-401C-B8C9-3A22588F1F58}
	EndGlobalSection
EndGlobal
